
Microsoft Visual Studio Solution File, Format Version 12.00
# Visual Studio 15
Project("{FAE04EC0-301F-11D3-BF4B-00C04F79EFBC}") = "tableGame", "tableGame.csproj", "{17E8E90F-B76F-6638-5FF3-1858B80F1876}"
EndProject
Project("{FAE04EC0-301F-11D3-BF4B-00C04F79EFBC}") = "tableGame.Editor", "tableGame.Editor.csproj", "{97D38352-B6E9-93E4-594C-CE66E443501B}"
EndProject
Global
	GlobalSection(SolutionConfigurationPlatforms) = preSolution
		Debug|Any CPU = Debug|Any CPU
		Release|Any CPU = Release|Any CPU
	EndGlobalSection
	GlobalSection(ProjectConfigurationPlatforms) = postSolution
		{17E8E90F-B76F-6638-5FF3-1858B80F1876}.Debug|Any CPU.ActiveCfg = Debug|Any CPU
		{17E8E90F-B76F-6638-5FF3-1858B80F1876}.Debug|Any CPU.Build.0 = Debug|Any CPU
		{17E8E90F-B76F-6638-5FF3-1858B80F1876}.Release|Any CPU.ActiveCfg = Release|Any CPU
		{17E8E90F-B76F-6638-5FF3-1858B80F1876}.Release|Any CPU.Build.0 = Release|Any CPU
		{97D38352-B6E9-93E4-594C-CE66E443501B}.Debug|Any CPU.ActiveCfg = Debug|Any CPU
		{97D38352-B6E9-93E4-594C-CE66E443501B}.Debug|Any CPU.Build.0 = Debug|Any CPU
		{97D38352-B6E9-93E4-594C-CE66E443501B}.Release|Any CPU.ActiveCfg = Release|Any CPU
		{97D38352-B6E9-93E4-594C-CE66E443501B}.Release|Any CPU.Build.0 = Release|Any CPU
	EndGlobalSection
	GlobalSection(SolutionProperties) = preSolution
		HideSolutionNode = FALSE
	EndGlobalSection
EndGlobal
